
Microsoft Visual Studio Solution File, Format Version 12.00
# Visual Studio Version 17
VisualStudioVersion = 17.5.002.0
MinimumVisualStudioVersion = 10.0.40219.1
Project("{9A19103F-16F7-4668-BE54-9A1E7A4F7556}") = "Structural_Composite", "Structural_Composite.csproj", "{1D32CA90-1C38-49B8-9BED-4831ED832E9F}"
EndProject
Global
	GlobalSection(SolutionConfigurationPlatforms) = preSolution
		Debug|Any CPU = Debug|Any CPU
		Release|Any CPU = Release|Any CPU
	EndGlobalSection
	GlobalSection(ProjectConfigurationPlatforms) = postSolution
		{1D32CA90-1C38-49B8-9BED-4831ED832E9F}.Debug|Any CPU.ActiveCfg = Debug|Any CPU
		{1D32CA90-1C38-49B8-9BED-4831ED832E9F}.Debug|Any CPU.Build.0 = Debug|Any CPU
		{1D32CA90-1C38-49B8-9BED-4831ED832E9F}.Release|Any CPU.ActiveCfg = Release|Any CPU
		{1D32CA90-1C38-49B8-9BED-4831ED832E9F}.Release|Any CPU.Build.0 = Release|Any CPU
	EndGlobalSection
	GlobalSection(SolutionProperties) = preSolution
		HideSolutionNode = FALSE
	EndGlobalSection
	GlobalSection(ExtensibilityGlobals) = postSolution
		SolutionGuid = {FC47F8FE-CF0B-4167-B40E-E7EEB0501806}
	EndGlobalSection
EndGlobal
